
Microsoft Visual Studio Solution File, Format Version 12.00
# Visual Studio Version 16
VisualStudioVersion = 16.0.31321.278
MinimumVisualStudioVersion = 10.0.40219.1
Project("{9A19103F-16F7-4668-BE54-9A1E7A4F7556}") = "Authorizer", "Authorizer\Authorizer.csproj", "{74905EC9-DDA3-4213-AC5A-4C53F00562E9}"
EndProject
Project("{FAE04EC0-301F-11D3-BF4B-00C04F79EFBC}") = "Test", "Test\Test.csproj", "{29DF9964-2D53-4279-952E-AD1A630CD7A6}"
EndProject
Global
	GlobalSection(SolutionConfigurationPlatforms) = preSolution
		Debug|Any CPU = Debug|Any CPU
		Release|Any CPU = Release|Any CPU
	EndGlobalSection
	GlobalSection(ProjectConfigurationPlatforms) = postSolution
		{74905EC9-DDA3-4213-AC5A-4C53F00562E9}.Debug|Any CPU.ActiveCfg = Debug|Any CPU
		{74905EC9-DDA3-4213-AC5A-4C53F00562E9}.Debug|Any CPU.Build.0 = Debug|Any CPU
		{74905EC9-DDA3-4213-AC5A-4C53F00562E9}.Release|Any CPU.ActiveCfg = Release|Any CPU
		{74905EC9-DDA3-4213-AC5A-4C53F00562E9}.Release|Any CPU.Build.0 = Release|Any CPU
		{29DF9964-2D53-4279-952E-AD1A630CD7A6}.Debug|Any CPU.ActiveCfg = Debug|Any CPU
		{29DF9964-2D53-4279-952E-AD1A630CD7A6}.Debug|Any CPU.Build.0 = Debug|Any CPU
		{29DF9964-2D53-4279-952E-AD1A630CD7A6}.Release|Any CPU.ActiveCfg = Release|Any CPU
		{29DF9964-2D53-4279-952E-AD1A630CD7A6}.Release|Any CPU.Build.0 = Release|Any CPU
	EndGlobalSection
	GlobalSection(SolutionProperties) = preSolution
		HideSolutionNode = FALSE
	EndGlobalSection
	GlobalSection(ExtensibilityGlobals) = postSolution
		SolutionGuid = {62F8A391-2357-4385-882C-B1E12F068F82}
	EndGlobalSection
EndGlobal
